
Microsoft Visual Studio Solution File, Format Version 12.00
# Visual Studio Version 16
VisualStudioVersion = 16.0.31019.35
MinimumVisualStudioVersion = 10.0.40219.1
Project("{FAE04EC0-301F-11D3-BF4B-00C04F79EFBC}") = "FHIRUpload", "FHIRUpload\FHIRUpload.csproj", "{2FC90CED-1706-4E76-BD9F-80410ED78502}"
EndProject
Global
	GlobalSection(SolutionConfigurationPlatforms) = preSolution
		Debug|Any CPU = Debug|Any CPU
		Release|Any CPU = Release|Any CPU
	EndGlobalSection
	GlobalSection(ProjectConfigurationPlatforms) = postSolution
		{2FC90CED-1706-4E76-BD9F-80410ED78502}.Debug|Any CPU.ActiveCfg = Debug|Any CPU
		{2FC90CED-1706-4E76-BD9F-80410ED78502}.Debug|Any CPU.Build.0 = Debug|Any CPU
		{2FC90CED-1706-4E76-BD9F-80410ED78502}.Release|Any CPU.ActiveCfg = Release|Any CPU
		{2FC90CED-1706-4E76-BD9F-80410ED78502}.Release|Any CPU.Build.0 = Release|Any CPU
	EndGlobalSection
	GlobalSection(SolutionProperties) = preSolution
		HideSolutionNode = FALSE
	EndGlobalSection
	GlobalSection(ExtensibilityGlobals) = postSolution
		SolutionGuid = {2BAB2124-5F0A-4D20-A421-B58385C5A56E}
	EndGlobalSection
EndGlobal
